
Microsoft Visual Studio Solution File, Format Version 12.00
# Visual Studio Version 17
VisualStudioVersion = 17.4.33213.308
MinimumVisualStudioVersion = 10.0.40219.1
Project("{FAE04EC0-301F-11D3-BF4B-00C04F79EFBC}") = "SubcoreSkills", "Source\SubcoreSkills.csproj", "{37B51B5F-7E4E-48A5-A1DF-74B440D53033}"
EndProject
Global
	GlobalSection(SolutionConfigurationPlatforms) = preSolution
		Debug|Any CPU = Debug|Any CPU
		Release|Any CPU = Release|Any CPU
	EndGlobalSection
	GlobalSection(ProjectConfigurationPlatforms) = postSolution
		{37B51B5F-7E4E-48A5-A1DF-74B440D53033}.Debug|Any CPU.ActiveCfg = Debug|Any CPU
		{37B51B5F-7E4E-48A5-A1DF-74B440D53033}.Debug|Any CPU.Build.0 = Debug|Any CPU
		{37B51B5F-7E4E-48A5-A1DF-74B440D53033}.Release|Any CPU.ActiveCfg = Release|Any CPU
		{37B51B5F-7E4E-48A5-A1DF-74B440D53033}.Release|Any CPU.Build.0 = Release|Any CPU
	EndGlobalSection
	GlobalSection(SolutionProperties) = preSolution
		HideSolutionNode = FALSE
	EndGlobalSection
	GlobalSection(ExtensibilityGlobals) = postSolution
		SolutionGuid = {C263E7FE-D599-4909-B8E3-A9DBD1286FE2}
	EndGlobalSection
EndGlobal
